// !$*UTF8*$!
{
	archiveVersion = 1;
	classes = {
	};
	objectVersion = 50;
	objects = {

/* Begin PBXBuildFile section */
		952A843625B190B800BB4C94 /* AddItemVC.swift in Sources */ = {isa = PBXBuildFile; fileRef = 952A843525B190B800BB4C94 /* AddItemVC.swift */; };
		9553339025ADFB440088E59E /* ViewController.swift in Sources */ = {isa = PBXBuildFile; fileRef = 9553338F25ADFB440088E59E /* ViewController.swift */; };
		955DF81325A85B6E00100084 /* ToDoItem.swift in Sources */ = {isa = PBXBuildFile; fileRef = 955DF81225A85B6E00100084 /* ToDoItem.swift */; };
		9598091025A5AE3100D877C1 /* AppDelegate.swift in Sources */ = {isa = PBXBuildFile; fileRef = 9598090F25A5AE3100D877C1 /* AppDelegate.swift */; };
		9598091225A5AE3100D877C1 /* SceneDelegate.swift in Sources */ = {isa = PBXBuildFile; fileRef = 9598091125A5AE3100D877C1 /* SceneDelegate.swift */; };
		9598091725A5AE3100D877C1 /* Main.storyboard in Resources */ = {isa = PBXBuildFile; fileRef = 9598091525A5AE3100D877C1 /* Main.storyboard */; };
		9598091925A5AE3500D877C1 /* Assets.xcassets in Resources */ = {isa = PBXBuildFile; fileRef = 9598091825A5AE3500D877C1 /* Assets.xcassets */; };
		9598091C25A5AE3500D877C1 /* LaunchScreen.storyboard in Resources */ = {isa = PBXBuildFile; fileRef = 9598091A25A5AE3500D877C1 /* LaunchScreen.storyboard */; };
		9599324025B887820045798D /* EditVC.swift in Sources */ = {isa = PBXBuildFile; fileRef = 9599323F25B887820045798D /* EditVC.swift */; };
		95AC1EF025A775B9005BD18F /* Validation.swift in Sources */ = {isa = PBXBuildFile; fileRef = 95AC1EEF25A775B9005BD18F /* Validation.swift */; };
		95BFFB6F25AD9FDB00AC8A2A /* ThirdVC.swift in Sources */ = {isa = PBXBuildFile; fileRef = 95BFFB6E25AD9FDB00AC8A2A /* ThirdVC.swift */; };
		95BFFB7225ADC15800AC8A2A /* MyTableViewCell.swift in Sources */ = {isa = PBXBuildFile; fileRef = 95BFFB7125ADC15800AC8A2A /* MyTableViewCell.swift */; };
/* End PBXBuildFile section */

/* Begin PBXFileReference section */
		952A843525B190B800BB4C94 /* AddItemVC.swift */ = {isa = PBXFileReference; lastKnownFileType = sourcecode.swift; path = AddItemVC.swift; sourceTree = "<group>"; };
		9553338F25ADFB440088E59E /* ViewController.swift */ = {isa = PBXFileReference; lastKnownFileType = sourcecode.swift; path = ViewController.swift; sourceTree = "<group>"; };
		955DF81225A85B6E00100084 /* ToDoItem.swift */ = {isa = PBXFileReference; lastKnownFileType = sourcecode.swift; path = ToDoItem.swift; sourceTree = "<group>"; };
		9598090C25A5AE3100D877C1 /* SimpleApp.app */ = {isa = PBXFileReference; explicitFileType = wrapper.application; includeInIndex = 0; path = SimpleApp.app; sourceTree = BUILT_PRODUCTS_DIR; };
		9598090F25A5AE3100D877C1 /* AppDelegate.swift */ = {isa = PBXFileReference; lastKnownFileType = sourcecode.swift; path = AppDelegate.swift; sourceTree = "<group>"; };
		9598091125A5AE3100D877C1 /* SceneDelegate.swift */ = {isa = PBXFileReference; lastKnownFileType = sourcecode.swift; path = SceneDelegate.swift; sourceTree = "<group>"; };
		9598091625A5AE3100D877C1 /* Base */ = {isa = PBXFileReference; lastKnownFileType = file.storyboard; name = Base; path = Base.lproj/Main.storyboard; sourceTree = "<group>"; };
		9598091825A5AE3500D877C1 /* Assets.xcassets */ = {isa = PBXFileReference; lastKnownFileType = folder.assetcatalog; path = Assets.xcassets; sourceTree = "<group>"; };
		9598091B25A5AE3500D877C1 /* Base */ = {isa = PBXFileReference; lastKnownFileType = file.storyboard; name = Base; path = Base.lproj/LaunchScreen.storyboard; sourceTree = "<group>"; };
		9598091D25A5AE3500D877C1 /* Info.plist */ = {isa = PBXFileReference; lastKnownFileType = text.plist.xml; path = Info.plist; sourceTree = "<group>"; };
		9599323F25B887820045798D /* EditVC.swift */ = {isa = PBXFileReference; lastKnownFileType = sourcecode.swift; path = EditVC.swift; sourceTree = "<group>"; };
		95AC1EEF25A775B9005BD18F /* Validation.swift */ = {isa = PBXFileReference; lastKnownFileType = sourcecode.swift; path = Validation.swift; sourceTree = "<group>"; };
		95BFFB6E25AD9FDB00AC8A2A /* ThirdVC.swift */ = {isa = PBXFileReference; lastKnownFileType = sourcecode.swift; path = ThirdVC.swift; sourceTree = "<group>"; };
		95BFFB7125ADC15800AC8A2A /* MyTableViewCell.swift */ = {isa = PBXFileReference; lastKnownFileType = sourcecode.swift; path = MyTableViewCell.swift; sourceTree = "<group>"; };
/* End PBXFileReference section */

/* Begin PBXFrameworksBuildPhase section */
		9598090925A5AE3100D877C1 /* Frameworks */ = {
			isa = PBXFrameworksBuildPhase;
			buildActionMask = 2147483647;
			files = (
			);
			runOnlyForDeploymentPostprocessing = 0;
		};
/* End PBXFrameworksBuildPhase section */

/* Begin PBXGroup section */
		955DF81125A85B5D00100084 /* models */ = {
			isa = PBXGroup;
			children = (
				955DF81225A85B6E00100084 /* ToDoItem.swift */,
			);
			path = models;
			sourceTree = "<group>";
		};
		9598090325A5AE3100D877C1 = {
			isa = PBXGroup;
			children = (
				9598090E25A5AE3100D877C1 /* SimpleApp */,
				9598090D25A5AE3100D877C1 /* Products */,
			);
			sourceTree = "<group>";
		};
		9598090D25A5AE3100D877C1 /* Products */ = {
			isa = PBXGroup;
			children = (
				9598090C25A5AE3100D877C1 /* SimpleApp.app */,
			);
			name = Products;
			sourceTree = "<group>";
		};
		9598090E25A5AE3100D877C1 /* SimpleApp */ = {
			isa = PBXGroup;
			children = (
				955DF81125A85B5D00100084 /* models */,
				95AC1EF325A78052005BD18F /* controllers */,
				95AC1EF225A78043005BD18F /* cells */,
				9598090F25A5AE3100D877C1 /* AppDelegate.swift */,
				9598091125A5AE3100D877C1 /* SceneDelegate.swift */,
				95AC1EEF25A775B9005BD18F /* Validation.swift */,
				9598091525A5AE3100D877C1 /* Main.storyboard */,
				9598091825A5AE3500D877C1 /* Assets.xcassets */,
				9598091A25A5AE3500D877C1 /* LaunchScreen.storyboard */,
				9598091D25A5AE3500D877C1 /* Info.plist */,
			);
			path = SimpleApp;
			sourceTree = "<group>";
		};
		95AC1EF225A78043005BD18F /* cells */ = {
			isa = PBXGroup;
			children = (
				95BFFB7125ADC15800AC8A2A /* MyTableViewCell.swift */,
			);
			path = cells;
			sourceTree = "<group>";
		};
		95AC1EF325A78052005BD18F /* controllers */ = {
			isa = PBXGroup;
			children = (
				9553338F25ADFB440088E59E /* ViewController.swift */,
				95BFFB6E25AD9FDB00AC8A2A /* ThirdVC.swift */,
				952A843525B190B800BB4C94 /* AddItemVC.swift */,
				9599323F25B887820045798D /* EditVC.swift */,
			);
			path = controllers;
			sourceTree = "<group>";
		};
/* End PBXGroup section */

/* Begin PBXNativeTarget section */
		9598090B25A5AE3100D877C1 /* SimpleApp */ = {
			isa = PBXNativeTarget;
			buildConfigurationList = 9598092025A5AE3500D877C1 /* Build configuration list for PBXNativeTarget "SimpleApp" */;
			buildPhases = (
				9598090825A5AE3100D877C1 /* Sources */,
				9598090925A5AE3100D877C1 /* Frameworks */,
				9598090A25A5AE3100D877C1 /* Resources */,
			);
			buildRules = (
			);
			dependencies = (
			);
			name = SimpleApp;
			productName = SimpleApp;
			productReference = 9598090C25A5AE3100D877C1 /* SimpleApp.app */;
			productType = "com.apple.product-type.application";
		};
/* End PBXNativeTarget section */

/* Begin PBXProject section */
		9598090425A5AE3100D877C1 /* Project object */ = {
			isa = PBXProject;
			attributes = {
				LastSwiftUpdateCheck = 1220;
				LastUpgradeCheck = 1220;
				TargetAttributes = {
					9598090B25A5AE3100D877C1 = {
						CreatedOnToolsVersion = 12.2;
					};
				};
			};
			buildConfigurationList = 9598090725A5AE3100D877C1 /* Build configuration list for PBXProject "SimpleApp" */;
			compatibilityVersion = "Xcode 9.3";
			developmentRegion = en;
			hasScannedForEncodings = 0;
			knownRegions = (
				en,
				Base,
			);
			mainGroup = 9598090325A5AE3100D877C1;
			productRefGroup = 9598090D25A5AE3100D877C1 /* Products */;
			projectDirPath = "";
			projectRoot = "";
			targets = (
				9598090B25A5AE3100D877C1 /* SimpleApp */,
			);
		};
/* End PBXProject section */

/* Begin PBXResourcesBuildPhase section */
		9598090A25A5AE3100D877C1 /* Resources */ = {
			isa = PBXResourcesBuildPhase;
			buildActionMask = 2147483647;
			files = (
				9598091C25A5AE3500D877C1 /* LaunchScreen.storyboard in Resources */,
				9598091925A5AE3500D877C1 /* Assets.xcassets in Resources */,
				9598091725A5AE3100D877C1 /* Main.storyboard in Resources */,
			);
			runOnlyForDeploymentPostprocessing = 0;
		};
/* End PBXResourcesBuildPhase section */

/* Begin PBXSourcesBuildPhase section */
		9598090825A5AE3100D877C1 /* Sources */ = {
			isa = PBXSourcesBuildPhase;
			buildActionMask = 2147483647;
			files = (
				95BFFB6F25AD9FDB00AC8A2A /* ThirdVC.swift in Sources */,
				9599324025B887820045798D /* EditVC.swift in Sources */,
				95BFFB7225ADC15800AC8A2A /* MyTableViewCell.swift in Sources */,
				955DF81325A85B6E00100084 /* ToDoItem.swift in Sources */,
				952A843625B190B800BB4C94 /* AddItemVC.swift in Sources */,
				9598091025A5AE3100D877C1 /* AppDelegate.swift in Sources */,
				9553339025ADFB440088E59E /* ViewController.swift in Sources */,
				95AC1EF025A775B9005BD18F /* Validation.swift in Sources */,
				9598091225A5AE3100D877C1 /* SceneDelegate.swift in Sources */,
			);
			runOnlyForDeploymentPostprocessing = 0;
		};
/* End PBXSourcesBuildPhase section */

/* Begin PBXVariantGroup section */
		9598091525A5AE3100D877C1 /* Main.storyboard */ = {
			isa = PBXVariantGroup;
			children = (
				9598091625A5AE3100D877C1 /* Base */,
			);
			name = Main.storyboard;
			sourceTree = "<group>";
		};
		9598091A25A5AE3500D877C1 /* LaunchScreen.storyboard */ = {
			isa = PBXVariantGroup;
			children = (
				9598091B25A5AE3500D877C1 /* Base */,
			);
			name = LaunchScreen.storyboard;
			sourceTree = "<group>";
		};
/* End PBXVariantGroup section */

/* Begin XCBuildConfiguration section */
		9598091E25A5AE3500D877C1 /* Debug */ = {
			isa = XCBuildConfiguration;
			buildSettings = {
				ALWAYS_SEARCH_USER_PATHS = NO;
				CLANG_ANALYZER_NONNULL = YES;
				CLANG_ANALYZER_NUMBER_OBJECT_CONVERSION = YES_AGGRESSIVE;
				CLANG_CXX_LANGUAGE_STANDARD = "gnu++14";
				CLANG_CXX_LIBRARY = "libc++";
				CLANG_ENABLE_MODULES = YES;
				CLANG_ENABLE_OBJC_ARC = YES;
				CLANG_ENABLE_OBJC_WEAK = YES;
				CLANG_WARN_BLOCK_CAPTURE_AUTORELEASING = YES;
				CLANG_WARN_BOOL_CONVERSION = YES;
				CLANG_WARN_COMMA = YES;
				CLANG_WARN_CONSTANT_CONVERSION = YES;
				CLANG_WARN_DEPRECATED_OBJC_IMPLEMENTATIONS = YES;
				CLANG_WARN_DIRECT_OBJC_ISA_USAGE = YES_ERROR;
				CLANG_WARN_DOCUMENTATION_COMMENTS = YES;
				CLANG_WARN_EMPTY_BODY = YES;
				CLANG_WARN_ENUM_CONVERSION = YES;
				CLANG_WARN_INFINITE_RECURSION = YES;
				CLANG_WARN_INT_CONVERSION = YES;
				CLANG_WARN_NON_LITERAL_NULL_CONVERSION = YES;
				CLANG_WARN_OBJC_IMPLICIT_RETAIN_SELF = YES;
				CLANG_WARN_OBJC_LITERAL_CONVERSION = YES;
				CLANG_WARN_OBJC_ROOT_CLASS = YES_ERROR;
				CLANG_WARN_QUOTED_INCLUDE_IN_FRAMEWORK_HEADER = YES;
				CLANG_WARN_RANGE_LOOP_ANALYSIS = YES;
				CLANG_WARN_STRICT_PROTOTYPES = YES;
				CLANG_WARN_SUSPICIOUS_MOVE = YES;
				CLANG_WARN_UNGUARDED_AVAILABILITY = YES_AGGRESSIVE;
				CLANG_WARN_UNREACHABLE_CODE = YES;
				CLANG_WARN__DUPLICATE_METHOD_MATCH = YES;
				COPY_PHASE_STRIP = NO;
				DEBUG_INFORMATION_FORMAT = dwarf;
				ENABLE_STRICT_OBJC_MSGSEND = YES;
				ENABLE_TESTABILITY = YES;
				GCC_C_LANGUAGE_STANDARD = gnu11;
				GCC_DYNAMIC_NO_PIC = NO;
				GCC_NO_COMMON_BLOCKS = YES;
				GCC_OPTIMIZATION_LEVEL = 0;
				GCC_PREPROCESSOR_DEFINITIONS = (
					"DEBUG=1",
					"$(inherited)",
				);
				GCC_WARN_64_TO_32_BIT_CONVERSION = YES;
				GCC_WARN_ABOUT_RETURN_TYPE = YES_ERROR;
				GCC_WARN_UNDECLARED_SELECTOR = YES;
				GCC_WARN_UNINITIALIZED_AUTOS = YES_AGGRESSIVE;
				GCC_WARN_UNUSED_FUNCTION = YES;
				GCC_WARN_UNUSED_VARIABLE = YES;
				IPHONEOS_DEPLOYMENT_TARGET = 14.2;
				MTL_ENABLE_DEBUG_INFO = INCLUDE_SOURCE;
				MTL_FAST_MATH = YES;
				ONLY_ACTIVE_ARCH = YES;
				SDKROOT = iphoneos;
				SWIFT_ACTIVE_COMPILATION_CONDITIONS = DEBUG;
				SWIFT_OPTIMIZATION_LEVEL = "-Onone";
			};
			name = Debug;
		};
		9598091F25A5AE3500D877C1 /* Release */ = {
			isa = XCBuildConfiguration;
			buildSettings = {
				ALWAYS_SEARCH_USER_PATHS = NO;
				CLANG_ANALYZER_NONNULL = YES;
				CLANG_ANALYZER_NUMBER_OBJECT_CONVERSION = YES_AGGRESSIVE;
				CLANG_CXX_LANGUAGE_STANDARD = "gnu++14";
				CLANG_CXX_LIBRARY = "libc++";
				CLANG_ENABLE_MODULES = YES;
				CLANG_ENABLE_OBJC_ARC = YES;
				CLANG_ENABLE_OBJC_WEAK = YES;
				CLANG_WARN_BLOCK_CAPTURE_AUTORELEASING = YES;
				CLANG_WARN_BOOL_CONVERSION = YES;
				CLANG_WARN_COMMA = YES;
				CLANG_WARN_CONSTANT_CONVERSION = YES;
				CLANG_WARN_DEPRECATED_OBJC_IMPLEMENTATIONS = YES;
				CLANG_WARN_DIRECT_OBJC_ISA_USAGE = YES_ERROR;
				CLANG_WARN_DOCUMENTATION_COMMENTS = YES;
				CLANG_WARN_EMPTY_BODY = YES;
				CLANG_WARN_ENUM_CONVERSION = YES;
				CLANG_WARN_INFINITE_RECURSION = YES;
				CLANG_WARN_INT_CONVERSION = YES;
				CLANG_WARN_NON_LITERAL_NULL_CONVERSION = YES;
				CLANG_WARN_OBJC_IMPLICIT_RETAIN_SELF = YES;
				CLANG_WARN_OBJC_LITERAL_CONVERSION = YES;
				CLANG_WARN_OBJC_ROOT_CLASS = YES_ERROR;
				CLANG_WARN_QUOTED_INCLUDE_IN_FRAMEWORK_HEADER = YES;
				CLANG_WARN_RANGE_LOOP_ANALYSIS = YES;
				CLANG_WARN_STRICT_PROTOTYPES = YES;
				CLANG_WARN_SUSPICIOUS_MOVE = YES;
				CLANG_WARN_UNGUARDED_AVAILABILITY = YES_AGGRESSIVE;
				CLANG_WARN_UNREACHABLE_CODE = YES;
				CLANG_WARN__DUPLICATE_METHOD_MATCH = YES;
				COPY_PHASE_STRIP = NO;
				DEBUG_INFORMATION_FORMAT = "dwarf-with-dsym";
				ENABLE_NS_ASSERTIONS = NO;
				ENABLE_STRICT_OBJC_MSGSEND = YES;
				GCC_C_LANGUAGE_STANDARD = gnu11;
				GCC_NO_COMMON_BLOCKS = YES;
				GCC_WARN_64_TO_32_BIT_CONVERSION = YES;
				GCC_WARN_ABOUT_RETURN_TYPE = YES_ERROR;
				GCC_WARN_UNDECLARED_SELECTOR = YES;
				GCC_WARN_UNINITIALIZED_AUTOS = YES_AGGRESSIVE;
				GCC_WARN_UNUSED_FUNCTION = YES;
				GCC_WARN_UNUSED_VARIABLE = YES;
				IPHONEOS_DEPLOYMENT_TARGET = 14.2;
				MTL_ENABLE_DEBUG_INFO = NO;
				MTL_FAST_MATH = YES;
				SDKROOT = iphoneos;
				SWIFT_COMPILATION_MODE = wholemodule;
				SWIFT_OPTIMIZATION_LEVEL = "-O";
				VALIDATE_PRODUCT = YES;
			};
			name = Release;
		};
		9598092125A5AE3500D877C1 /* Debug */ = {
			isa = XCBuildConfiguration;
			buildSettings = {
				ASSETCATALOG_COMPILER_APPICON_NAME = AppIcon;
				ASSETCATALOG_COMPILER_GLOBAL_ACCENT_COLOR_NAME = AccentColor;
				CODE_SIGN_STYLE = Automatic;
				INFOPLIST_FILE = SimpleApp/Info.plist;
				IPHONEOS_DEPLOYMENT_TARGET = 13.0;
				LD_RUNPATH_SEARCH_PATHS = (
					"$(inherited)",
					"@executable_path/Frameworks",
				);
				PRODUCT_BUNDLE_IDENTIFIER = local.SimpleApp;
				PRODUCT_NAME = "$(TARGET_NAME)";
				SWIFT_VERSION = 5.0;
				TARGETED_DEVICE_FAMILY = "1,2";
			};
			name = Debug;
		};
		9598092225A5AE3500D877C1 /* Release */ = {
			isa = XCBuildConfiguration;
			buildSettings = {
				ASSETCATALOG_COMPILER_APPICON_NAME = AppIcon;
				ASSETCATALOG_COMPILER_GLOBAL_ACCENT_COLOR_NAME = AccentColor;
				CODE_SIGN_STYLE = Automatic;
				INFOPLIST_FILE = SimpleApp/Info.plist;
				IPHONEOS_DEPLOYMENT_TARGET = 13.0;
				LD_RUNPATH_SEARCH_PATHS = (
					"$(inherited)",
					"@executable_path/Frameworks",
				);
				PRODUCT_BUNDLE_IDENTIFIER = local.SimpleApp;
				PRODUCT_NAME = "$(TARGET_NAME)";
				SWIFT_VERSION = 5.0;
				TARGETED_DEVICE_FAMILY = "1,2";
			};
			name = Release;
		};
/* End XCBuildConfiguration section */

/* Begin XCConfigurationList section */
		9598090725A5AE3100D877C1 /* Build configuration list for PBXProject "SimpleApp" */ = {
			isa = XCConfigurationList;
			buildConfigurations = (
				9598091E25A5AE3500D877C1 /* Debug */,
				9598091F25A5AE3500D877C1 /* Release */,
			);
			defaultConfigurationIsVisible = 0;
			defaultConfigurationName = Release;
		};
		9598092025A5AE3500D877C1 /* Build configuration list for PBXNativeTarget "SimpleApp" */ = {
			isa = XCConfigurationList;
			buildConfigurations = (
				9598092125A5AE3500D877C1 /* Debug */,
				9598092225A5AE3500D877C1 /* Release */,
			);
			defaultConfigurationIsVisible = 0;
			defaultConfigurationName = Release;
		};
/* End XCConfigurationList section */
	};
	rootObject = 9598090425A5AE3100D877C1 /* Project object */;
}
